
Microsoft Visual Studio Solution File, Format Version 12.00
# Visual Studio 14
VisualStudioVersion = 14.0.23107.0
MinimumVisualStudioVersion = 10.0.40219.1
Project("{2150E333-8FDC-42A3-9474-1A3956D46DE8}") = "Domain", "Domain", "{D7951926-7EBE-431C-A207-92F2C27E4726}"
EndProject
Project("{FAE04EC0-301F-11D3-BF4B-00C04F79EFBC}") = "DGCLib_Base", "Domain\DGCLib_Base\DGCLib_Base.csproj", "{26A897FD-48C6-4BFA-B9D1-6CCB16E71FC7}"
EndProject
Project("{FAE04EC0-301F-11D3-BF4B-00C04F79EFBC}") = "DGCLib_IK", "Domain\DGCLib_IK\DGCLib_IK.csproj", "{636EEFB3-FEC7-4CB8-9FC0-7E9EC2AF14DC}"
EndProject
Project("{FAE04EC0-301F-11D3-BF4B-00C04F79EFBC}") = "DGCLib_Misc", "Domain\DGCLib_Misc\DGCLib_Misc.csproj", "{C662ECCA-3D7C-461A-9B7A-CB8ED6125A62}"
EndProject
Project("{2150E333-8FDC-42A3-9474-1A3956D46DE8}") = "Views", "Views", "{1AD0DA00-F5A2-4482-B9D8-64AC47264E32}"
EndProject
Project("{FAE04EC0-301F-11D3-BF4B-00C04F79EFBC}") = "DGCLib_WinForms", "Views\DGCLib_WinForms\DGCLib_WinForms.csproj", "{2791D7B2-1D32-449B-B112-03535377AB89}"
EndProject
Project("{FAE04EC0-301F-11D3-BF4B-00C04F79EFBC}") = "DGCLib_Presenter", "Presenters\DGCLib_Presenter\DGCLib_Presenter.csproj", "{044C8A25-B30A-4F7A-A8A8-D48DCC43E982}"
EndProject
Project("{2150E333-8FDC-42A3-9474-1A3956D46DE8}") = "Presenters", "Presenters", "{E7345161-E880-42A6-87A7-60BE0704DCB3}"
EndProject
Global
	GlobalSection(SolutionConfigurationPlatforms) = preSolution
		Debug|Any CPU = Debug|Any CPU
		Debug|ARM = Debug|ARM
		Debug|x64 = Debug|x64
		Debug|x86 = Debug|x86
		Release|Any CPU = Release|Any CPU
		Release|ARM = Release|ARM
		Release|x64 = Release|x64
		Release|x86 = Release|x86
	EndGlobalSection
	GlobalSection(ProjectConfigurationPlatforms) = postSolution
		{26A897FD-48C6-4BFA-B9D1-6CCB16E71FC7}.Debug|Any CPU.ActiveCfg = Debug|Any CPU
		{26A897FD-48C6-4BFA-B9D1-6CCB16E71FC7}.Debug|Any CPU.Build.0 = Debug|Any CPU
		{26A897FD-48C6-4BFA-B9D1-6CCB16E71FC7}.Debug|ARM.ActiveCfg = Debug|Any CPU
		{26A897FD-48C6-4BFA-B9D1-6CCB16E71FC7}.Debug|ARM.Build.0 = Debug|Any CPU
		{26A897FD-48C6-4BFA-B9D1-6CCB16E71FC7}.Debug|x64.ActiveCfg = Debug|Any CPU
		{26A897FD-48C6-4BFA-B9D1-6CCB16E71FC7}.Debug|x64.Build.0 = Debug|Any CPU
		{26A897FD-48C6-4BFA-B9D1-6CCB16E71FC7}.Debug|x86.ActiveCfg = Debug|Any CPU
		{26A897FD-48C6-4BFA-B9D1-6CCB16E71FC7}.Debug|x86.Build.0 = Debug|Any CPU
		{26A897FD-48C6-4BFA-B9D1-6CCB16E71FC7}.Release|Any CPU.ActiveCfg = Release|Any CPU
		{26A897FD-48C6-4BFA-B9D1-6CCB16E71FC7}.Release|Any CPU.Build.0 = Release|Any CPU
		{26A897FD-48C6-4BFA-B9D1-6CCB16E71FC7}.Release|ARM.ActiveCfg = Release|Any CPU
		{26A897FD-48C6-4BFA-B9D1-6CCB16E71FC7}.Release|ARM.Build.0 = Release|Any CPU
		{26A897FD-48C6-4BFA-B9D1-6CCB16E71FC7}.Release|x64.ActiveCfg = Release|Any CPU
		{26A897FD-48C6-4BFA-B9D1-6CCB16E71FC7}.Release|x64.Build.0 = Release|Any CPU
		{26A897FD-48C6-4BFA-B9D1-6CCB16E71FC7}.Release|x86.ActiveCfg = Release|Any CPU
		{26A897FD-48C6-4BFA-B9D1-6CCB16E71FC7}.Release|x86.Build.0 = Release|Any CPU
		{636EEFB3-FEC7-4CB8-9FC0-7E9EC2AF14DC}.Debug|Any CPU.ActiveCfg = Debug|Any CPU
		{636EEFB3-FEC7-4CB8-9FC0-7E9EC2AF14DC}.Debug|Any CPU.Build.0 = Debug|Any CPU
		{636EEFB3-FEC7-4CB8-9FC0-7E9EC2AF14DC}.Debug|ARM.ActiveCfg = Debug|Any CPU
		{636EEFB3-FEC7-4CB8-9FC0-7E9EC2AF14DC}.Debug|ARM.Build.0 = Debug|Any CPU
		{636EEFB3-FEC7-4CB8-9FC0-7E9EC2AF14DC}.Debug|x64.ActiveCfg = Debug|Any CPU
		{636EEFB3-FEC7-4CB8-9FC0-7E9EC2AF14DC}.Debug|x64.Build.0 = Debug|Any CPU
		{636EEFB3-FEC7-4CB8-9FC0-7E9EC2AF14DC}.Debug|x86.ActiveCfg = Debug|Any CPU
		{636EEFB3-FEC7-4CB8-9FC0-7E9EC2AF14DC}.Debug|x86.Build.0 = Debug|Any CPU
		{636EEFB3-FEC7-4CB8-9FC0-7E9EC2AF14DC}.Release|Any CPU.ActiveCfg = Release|Any CPU
		{636EEFB3-FEC7-4CB8-9FC0-7E9EC2AF14DC}.Release|Any CPU.Build.0 = Release|Any CPU
		{636EEFB3-FEC7-4CB8-9FC0-7E9EC2AF14DC}.Release|ARM.ActiveCfg = Release|Any CPU
		{636EEFB3-FEC7-4CB8-9FC0-7E9EC2AF14DC}.Release|ARM.Build.0 = Release|Any CPU
		{636EEFB3-FEC7-4CB8-9FC0-7E9EC2AF14DC}.Release|x64.ActiveCfg = Release|Any CPU
		{636EEFB3-FEC7-4CB8-9FC0-7E9EC2AF14DC}.Release|x64.Build.0 = Release|Any CPU
		{636EEFB3-FEC7-4CB8-9FC0-7E9EC2AF14DC}.Release|x86.ActiveCfg = Release|Any CPU
		{636EEFB3-FEC7-4CB8-9FC0-7E9EC2AF14DC}.Release|x86.Build.0 = Release|Any CPU
		{C662ECCA-3D7C-461A-9B7A-CB8ED6125A62}.Debug|Any CPU.ActiveCfg = Debug|Any CPU
		{C662ECCA-3D7C-461A-9B7A-CB8ED6125A62}.Debug|Any CPU.Build.0 = Debug|Any CPU
		{C662ECCA-3D7C-461A-9B7A-CB8ED6125A62}.Debug|ARM.ActiveCfg = Debug|Any CPU
		{C662ECCA-3D7C-461A-9B7A-CB8ED6125A62}.Debug|ARM.Build.0 = Debug|Any CPU
		{C662ECCA-3D7C-461A-9B7A-CB8ED6125A62}.Debug|x64.ActiveCfg = Debug|Any CPU
		{C662ECCA-3D7C-461A-9B7A-CB8ED6125A62}.Debug|x64.Build.0 = Debug|Any CPU
		{C662ECCA-3D7C-461A-9B7A-CB8ED6125A62}.Debug|x86.ActiveCfg = Debug|Any CPU
		{C662ECCA-3D7C-461A-9B7A-CB8ED6125A62}.Debug|x86.Build.0 = Debug|Any CPU
		{C662ECCA-3D7C-461A-9B7A-CB8ED6125A62}.Release|Any CPU.ActiveCfg = Release|Any CPU
		{C662ECCA-3D7C-461A-9B7A-CB8ED6125A62}.Release|Any CPU.Build.0 = Release|Any CPU
		{C662ECCA-3D7C-461A-9B7A-CB8ED6125A62}.Release|ARM.ActiveCfg = Release|Any CPU
		{C662ECCA-3D7C-461A-9B7A-CB8ED6125A62}.Release|ARM.Build.0 = Release|Any CPU
		{C662ECCA-3D7C-461A-9B7A-CB8ED6125A62}.Release|x64.ActiveCfg = Release|Any CPU
		{C662ECCA-3D7C-461A-9B7A-CB8ED6125A62}.Release|x64.Build.0 = Release|Any CPU
		{C662ECCA-3D7C-461A-9B7A-CB8ED6125A62}.Release|x86.ActiveCfg = Release|Any CPU
		{C662ECCA-3D7C-461A-9B7A-CB8ED6125A62}.Release|x86.Build.0 = Release|Any CPU
		{2791D7B2-1D32-449B-B112-03535377AB89}.Debug|Any CPU.ActiveCfg = Debug|Any CPU
		{2791D7B2-1D32-449B-B112-03535377AB89}.Debug|Any CPU.Build.0 = Debug|Any CPU
		{2791D7B2-1D32-449B-B112-03535377AB89}.Debug|ARM.ActiveCfg = Debug|Any CPU
		{2791D7B2-1D32-449B-B112-03535377AB89}.Debug|x64.ActiveCfg = Debug|Any CPU
		{2791D7B2-1D32-449B-B112-03535377AB89}.Debug|x64.Build.0 = Debug|Any CPU
		{2791D7B2-1D32-449B-B112-03535377AB89}.Debug|x86.ActiveCfg = Debug|Any CPU
		{2791D7B2-1D32-449B-B112-03535377AB89}.Debug|x86.Build.0 = Debug|Any CPU
		{2791D7B2-1D32-449B-B112-03535377AB89}.Release|Any CPU.ActiveCfg = Release|Any CPU
		{2791D7B2-1D32-449B-B112-03535377AB89}.Release|Any CPU.Build.0 = Release|Any CPU
		{2791D7B2-1D32-449B-B112-03535377AB89}.Release|ARM.ActiveCfg = Release|Any CPU
		{2791D7B2-1D32-449B-B112-03535377AB89}.Release|x64.ActiveCfg = Release|Any CPU
		{2791D7B2-1D32-449B-B112-03535377AB89}.Release|x86.ActiveCfg = Release|Any CPU
		{044C8A25-B30A-4F7A-A8A8-D48DCC43E982}.Debug|Any CPU.ActiveCfg = Debug|Any CPU
		{044C8A25-B30A-4F7A-A8A8-D48DCC43E982}.Debug|Any CPU.Build.0 = Debug|Any CPU
		{044C8A25-B30A-4F7A-A8A8-D48DCC43E982}.Debug|ARM.ActiveCfg = Debug|Any CPU
		{044C8A25-B30A-4F7A-A8A8-D48DCC43E982}.Debug|ARM.Build.0 = Debug|Any CPU
		{044C8A25-B30A-4F7A-A8A8-D48DCC43E982}.Debug|x64.ActiveCfg = Debug|Any CPU
		{044C8A25-B30A-4F7A-A8A8-D48DCC43E982}.Debug|x64.Build.0 = Debug|Any CPU
		{044C8A25-B30A-4F7A-A8A8-D48DCC43E982}.Debug|x86.ActiveCfg = Debug|Any CPU
		{044C8A25-B30A-4F7A-A8A8-D48DCC43E982}.Debug|x86.Build.0 = Debug|Any CPU
		{044C8A25-B30A-4F7A-A8A8-D48DCC43E982}.Release|Any CPU.ActiveCfg = Release|Any CPU
		{044C8A25-B30A-4F7A-A8A8-D48DCC43E982}.Release|Any CPU.Build.0 = Release|Any CPU
		{044C8A25-B30A-4F7A-A8A8-D48DCC43E982}.Release|ARM.ActiveCfg = Release|Any CPU
		{044C8A25-B30A-4F7A-A8A8-D48DCC43E982}.Release|ARM.Build.0 = Release|Any CPU
		{044C8A25-B30A-4F7A-A8A8-D48DCC43E982}.Release|x64.ActiveCfg = Release|Any CPU
		{044C8A25-B30A-4F7A-A8A8-D48DCC43E982}.Release|x64.Build.0 = Release|Any CPU
		{044C8A25-B30A-4F7A-A8A8-D48DCC43E982}.Release|x86.ActiveCfg = Release|Any CPU
		{044C8A25-B30A-4F7A-A8A8-D48DCC43E982}.Release|x86.Build.0 = Release|Any CPU
	EndGlobalSection
	GlobalSection(SolutionProperties) = preSolution
		HideSolutionNode = FALSE
	EndGlobalSection
	GlobalSection(NestedProjects) = preSolution
		{26A897FD-48C6-4BFA-B9D1-6CCB16E71FC7} = {D7951926-7EBE-431C-A207-92F2C27E4726}
		{636EEFB3-FEC7-4CB8-9FC0-7E9EC2AF14DC} = {D7951926-7EBE-431C-A207-92F2C27E4726}
		{C662ECCA-3D7C-461A-9B7A-CB8ED6125A62} = {D7951926-7EBE-431C-A207-92F2C27E4726}
		{2791D7B2-1D32-449B-B112-03535377AB89} = {1AD0DA00-F5A2-4482-B9D8-64AC47264E32}
		{044C8A25-B30A-4F7A-A8A8-D48DCC43E982} = {E7345161-E880-42A6-87A7-60BE0704DCB3}
	EndGlobalSection
EndGlobal
